{
  "../L2/lib/forge-std": {
    "rev": "100b0d756adda67bc70aab816fa5a1a95dcf78b6"
  },
  "../L2/lib/openzeppelin-contracts": {
    "rev": "f28883ae5d1788f32ffb9076c00c9fcf483b4a2d"
  },
  "lib/forge-std": {
    "rev": "8bbcf6e3f8f62f419e5429a0bd89331c85c37824"
  },
  "lib/lib-keccak": {
    "rev": "b1c60dc34b927e69be7e2281cc07dc065409e1fe"
  },
  "lib/openzeppelin-contracts": {
    "rev": "ecd2ca2cd7cac116f7a37d0e474bbb3d7d5e1c4d"
  },
  "lib/openzeppelin-contracts-upgradeable": {
    "rev": "0a2cb9a445c365870ed7a8ab461b12acf3e27d63"
  },
  "lib/optimism": {
    "branch": {
      "name": "develop",
      "rev": "ef7a933ca7f3d27ac40406f87fea25e0c3ba2016"
    }
  },
  "lib/solady": {
    "rev": "502cc1ea718e6fa73b380635ee0868b0740595f0"
  },
  "lib/sp1-contracts": {
    "rev": "e98c8cd404128046318c12ab4750e5e802a17bd3"
  }
}